// !$*UTF8*$!
{
	archiveVersion = 1;
	classes = {
	};
	objectVersion = 56;
	objects = {

/* Begin PBXBuildFile section */
		5A2DA8F82A95F892002039B6 /* AppDelegate.swift in Sources */ = {isa = PBXBuildFile; fileRef = 5A2DA8F72A95F892002039B6 /* AppDelegate.swift */; };
		5A2DA8FA2A95F892002039B6 /* SceneDelegate.swift in Sources */ = {isa = PBXBuildFile; fileRef = 5A2DA8F92A95F892002039B6 /* SceneDelegate.swift */; };
		5A2DA8FF2A95F892002039B6 /* MainStoryboard.storyboard in Resources */ = {isa = PBXBuildFile; fileRef = 5A2DA8FD2A95F892002039B6 /* MainStoryboard.storyboard */; };
		5A2DA9012A95F894002039B6 /* Assets.xcassets in Resources */ = {isa = PBXBuildFile; fileRef = 5A2DA9002A95F894002039B6 /* Assets.xcassets */; };
		5A2DA9042A95F894002039B6 /* LaunchScreen.storyboard in Resources */ = {isa = PBXBuildFile; fileRef = 5A2DA9022A95F894002039B6 /* LaunchScreen.storyboard */; };
		5A2DA90F2A95F925002039B6 /* SignInStoryboard.storyboard in Resources */ = {isa = PBXBuildFile; fileRef = 5A2DA90E2A95F925002039B6 /* SignInStoryboard.storyboard */; };
		5A2DA9112A95F93B002039B6 /* SignUpStoryboard.storyboard in Resources */ = {isa = PBXBuildFile; fileRef = 5A2DA9102A95F93B002039B6 /* SignUpStoryboard.storyboard */; };
		5A2DA9132A961072002039B6 /* SignInVC.swift in Sources */ = {isa = PBXBuildFile; fileRef = 5A2DA9122A961072002039B6 /* SignInVC.swift */; };
		5A2DA9152A9610CC002039B6 /* WelcomeVC.swift in Sources */ = {isa = PBXBuildFile; fileRef = 5A2DA9142A9610CC002039B6 /* WelcomeVC.swift */; };
		5A2DA9172A961103002039B6 /* SignUpVC.swift in Sources */ = {isa = PBXBuildFile; fileRef = 5A2DA9162A961103002039B6 /* SignUpVC.swift */; };
		5A609CAC2A9FE04900558721 /* InfoVC.swift in Sources */ = {isa = PBXBuildFile; fileRef = 5A609CAB2A9FE04900558721 /* InfoVC.swift */; };
		5A609CAE2A9FF7AE00558721 /* ChangeVC.swift in Sources */ = {isa = PBXBuildFile; fileRef = 5A609CAD2A9FF7AE00558721 /* ChangeVC.swift */; };
		5A8E457A2A9D0FB400B52FA8 /* UserModel.swift in Sources */ = {isa = PBXBuildFile; fileRef = 5A8E45792A9D0FB400B52FA8 /* UserModel.swift */; };
		5A8E457D2A9D17D200B52FA8 /* VerificationsVC.swift in Sources */ = {isa = PBXBuildFile; fileRef = 5A8E457C2A9D17D200B52FA8 /* VerificationsVC.swift */; };
		5A8E457F2A9D34D700B52FA8 /* HelloVC.swift in Sources */ = {isa = PBXBuildFile; fileRef = 5A8E457E2A9D34D700B52FA8 /* HelloVC.swift */; };
		5A90A90F2A9FA14F00673881 /* TabBarController.swift in Sources */ = {isa = PBXBuildFile; fileRef = 5A90A90E2A9FA14F00673881 /* TabBarController.swift */; };
		5AA2C92D2A9E560F007950D7 /* UserDefaultsService.swift in Sources */ = {isa = PBXBuildFile; fileRef = 5AA2C92C2A9E560F007950D7 /* UserDefaultsService.swift */; };
		5AA2C92F2A9E5690007950D7 /* UserDefaultsExtension.swift in Sources */ = {isa = PBXBuildFile; fileRef = 5AA2C92E2A9E5690007950D7 /* UserDefaultsExtension.swift */; };
		5AB92E2C2A96DA7400CA4773 /* UIVIewControllerExt.swift in Sources */ = {isa = PBXBuildFile; fileRef = 5AB92E2B2A96DA7400CA4773 /* UIVIewControllerExt.swift */; };
		5AB92E2F2A9B630B00CA4773 /* VerificationService.swift in Sources */ = {isa = PBXBuildFile; fileRef = 5AB92E2E2A9B630B00CA4773 /* VerificationService.swift */; };
		5ADDF6BF2A9FC6AF00DEA2B4 /* ProfileVC.swift in Sources */ = {isa = PBXBuildFile; fileRef = 5ADDF6BE2A9FC6AF00DEA2B4 /* ProfileVC.swift */; };
/* End PBXBuildFile section */

/* Begin PBXFileReference section */
		5A2DA8F42A95F892002039B6 /* SignInUpApp-HW15.app */ = {isa = PBXFileReference; explicitFileType = wrapper.application; includeInIndex = 0; path = "SignInUpApp-HW15.app"; sourceTree = BUILT_PRODUCTS_DIR; };
		5A2DA8F72A95F892002039B6 /* AppDelegate.swift */ = {isa = PBXFileReference; lastKnownFileType = sourcecode.swift; path = AppDelegate.swift; sourceTree = "<group>"; };
		5A2DA8F92A95F892002039B6 /* SceneDelegate.swift */ = {isa = PBXFileReference; lastKnownFileType = sourcecode.swift; path = SceneDelegate.swift; sourceTree = "<group>"; };
		5A2DA8FE2A95F892002039B6 /* Base */ = {isa = PBXFileReference; lastKnownFileType = file.storyboard; name = Base; path = Base.lproj/MainStoryboard.storyboard; sourceTree = "<group>"; };
		5A2DA9002A95F894002039B6 /* Assets.xcassets */ = {isa = PBXFileReference; lastKnownFileType = folder.assetcatalog; path = Assets.xcassets; sourceTree = "<group>"; };
		5A2DA9032A95F894002039B6 /* Base */ = {isa = PBXFileReference; lastKnownFileType = file.storyboard; name = Base; path = Base.lproj/LaunchScreen.storyboard; sourceTree = "<group>"; };
		5A2DA9052A95F894002039B6 /* Info.plist */ = {isa = PBXFileReference; lastKnownFileType = text.plist.xml; path = Info.plist; sourceTree = "<group>"; };
		5A2DA90E2A95F925002039B6 /* SignInStoryboard.storyboard */ = {isa = PBXFileReference; lastKnownFileType = file.storyboard; path = SignInStoryboard.storyboard; sourceTree = "<group>"; };
		5A2DA9102A95F93B002039B6 /* SignUpStoryboard.storyboard */ = {isa = PBXFileReference; lastKnownFileType = file.storyboard; path = SignUpStoryboard.storyboard; sourceTree = "<group>"; };
		5A2DA9122A961072002039B6 /* SignInVC.swift */ = {isa = PBXFileReference; lastKnownFileType = sourcecode.swift; path = SignInVC.swift; sourceTree = "<group>"; };
		5A2DA9142A9610CC002039B6 /* WelcomeVC.swift */ = {isa = PBXFileReference; lastKnownFileType = sourcecode.swift; path = WelcomeVC.swift; sourceTree = "<group>"; };
		5A2DA9162A961103002039B6 /* SignUpVC.swift */ = {isa = PBXFileReference; lastKnownFileType = sourcecode.swift; path = SignUpVC.swift; sourceTree = "<group>"; };
		5A609CAB2A9FE04900558721 /* InfoVC.swift */ = {isa = PBXFileReference; lastKnownFileType = sourcecode.swift; path = InfoVC.swift; sourceTree = "<group>"; };
		5A609CAD2A9FF7AE00558721 /* ChangeVC.swift */ = {isa = PBXFileReference; lastKnownFileType = sourcecode.swift; path = ChangeVC.swift; sourceTree = "<group>"; };
		5A8E45792A9D0FB400B52FA8 /* UserModel.swift */ = {isa = PBXFileReference; lastKnownFileType = sourcecode.swift; path = UserModel.swift; sourceTree = "<group>"; };
		5A8E457C2A9D17D200B52FA8 /* VerificationsVC.swift */ = {isa = PBXFileReference; lastKnownFileType = sourcecode.swift; path = VerificationsVC.swift; sourceTree = "<group>"; };
		5A8E457E2A9D34D700B52FA8 /* HelloVC.swift */ = {isa = PBXFileReference; lastKnownFileType = sourcecode.swift; path = HelloVC.swift; sourceTree = "<group>"; };
		5A90A90E2A9FA14F00673881 /* TabBarController.swift */ = {isa = PBXFileReference; lastKnownFileType = sourcecode.swift; path = TabBarController.swift; sourceTree = "<group>"; };
		5AA2C92C2A9E560F007950D7 /* UserDefaultsService.swift */ = {isa = PBXFileReference; lastKnownFileType = sourcecode.swift; path = UserDefaultsService.swift; sourceTree = "<group>"; };
		5AA2C92E2A9E5690007950D7 /* UserDefaultsExtension.swift */ = {isa = PBXFileReference; lastKnownFileType = sourcecode.swift; path = UserDefaultsExtension.swift; sourceTree = "<group>"; };
		5AB92E2B2A96DA7400CA4773 /* UIVIewControllerExt.swift */ = {isa = PBXFileReference; lastKnownFileType = sourcecode.swift; path = UIVIewControllerExt.swift; sourceTree = "<group>"; };
		5AB92E2E2A9B630B00CA4773 /* VerificationService.swift */ = {isa = PBXFileReference; lastKnownFileType = sourcecode.swift; path = VerificationService.swift; sourceTree = "<group>"; };
		5ADDF6BE2A9FC6AF00DEA2B4 /* ProfileVC.swift */ = {isa = PBXFileReference; lastKnownFileType = sourcecode.swift; path = ProfileVC.swift; sourceTree = "<group>"; };
/* End PBXFileReference section */

/* Begin PBXFrameworksBuildPhase section */
		5A2DA8F12A95F892002039B6 /* Frameworks */ = {
			isa = PBXFrameworksBuildPhase;
			buildActionMask = 2147483647;
			files = (
			);
			runOnlyForDeploymentPostprocessing = 0;
		};
/* End PBXFrameworksBuildPhase section */

/* Begin PBXGroup section */
		5A2DA8EB2A95F892002039B6 = {
			isa = PBXGroup;
			children = (
				5A2DA8F62A95F892002039B6 /* SignInUpApp-HW15 */,
				5A2DA8F52A95F892002039B6 /* Products */,
			);
			sourceTree = "<group>";
		};
		5A2DA8F52A95F892002039B6 /* Products */ = {
			isa = PBXGroup;
			children = (
				5A2DA8F42A95F892002039B6 /* SignInUpApp-HW15.app */,
			);
			name = Products;
			sourceTree = "<group>";
		};
		5A2DA8F62A95F892002039B6 /* SignInUpApp-HW15 */ = {
			isa = PBXGroup;
			children = (
				5A8E457B2A9D0FBD00B52FA8 /* Model */,
				5AB92E2D2A9B62B000CA4773 /* Services */,
				5AB92E2A2A96DA2500CA4773 /* Extensions */,
				5A2DA90D2A95F90D002039B6 /* Controllers */,
				5A2DA90C2A95F901002039B6 /* Views */,
				5A2DA9002A95F894002039B6 /* Assets.xcassets */,
				5A2DA9052A95F894002039B6 /* Info.plist */,
				5A2DA90B2A95F8D2002039B6 /* AppDelegate */,
			);
			path = "SignInUpApp-HW15";
			sourceTree = "<group>";
		};
		5A2DA90B2A95F8D2002039B6 /* AppDelegate */ = {
			isa = PBXGroup;
			children = (
				5A2DA8F72A95F892002039B6 /* AppDelegate.swift */,
				5A2DA8F92A95F892002039B6 /* SceneDelegate.swift */,
			);
			path = AppDelegate;
			sourceTree = "<group>";
		};
		5A2DA90C2A95F901002039B6 /* Views */ = {
			isa = PBXGroup;
			children = (
				5A2DA9022A95F894002039B6 /* LaunchScreen.storyboard */,
				5A2DA90E2A95F925002039B6 /* SignInStoryboard.storyboard */,
				5A2DA9102A95F93B002039B6 /* SignUpStoryboard.storyboard */,
				5A2DA8FD2A95F892002039B6 /* MainStoryboard.storyboard */,
			);
			path = Views;
			sourceTree = "<group>";
		};
		5A2DA90D2A95F90D002039B6 /* Controllers */ = {
			isa = PBXGroup;
			children = (
				5A2DA9122A961072002039B6 /* SignInVC.swift */,
				5A2DA9142A9610CC002039B6 /* WelcomeVC.swift */,
				5A2DA9162A961103002039B6 /* SignUpVC.swift */,
				5A8E457C2A9D17D200B52FA8 /* VerificationsVC.swift */,
				5A8E457E2A9D34D700B52FA8 /* HelloVC.swift */,
				5A90A90E2A9FA14F00673881 /* TabBarController.swift */,
				5ADDF6BE2A9FC6AF00DEA2B4 /* ProfileVC.swift */,
				5A609CAB2A9FE04900558721 /* InfoVC.swift */,
				5A609CAD2A9FF7AE00558721 /* ChangeVC.swift */,
			);
			path = Controllers;
			sourceTree = "<group>";
		};
		5A8E457B2A9D0FBD00B52FA8 /* Model */ = {
			isa = PBXGroup;
			children = (
				5A8E45792A9D0FB400B52FA8 /* UserModel.swift */,
			);
			path = Model;
			sourceTree = "<group>";
		};
		5AB92E2A2A96DA2500CA4773 /* Extensions */ = {
			isa = PBXGroup;
			children = (
				5AB92E2B2A96DA7400CA4773 /* UIVIewControllerExt.swift */,
				5AA2C92E2A9E5690007950D7 /* UserDefaultsExtension.swift */,
			);
			path = Extensions;
			sourceTree = "<group>";
		};
		5AB92E2D2A9B62B000CA4773 /* Services */ = {
			isa = PBXGroup;
			children = (
				5AB92E2E2A9B630B00CA4773 /* VerificationService.swift */,
				5AA2C92C2A9E560F007950D7 /* UserDefaultsService.swift */,
			);
			path = Services;
			sourceTree = "<group>";
		};
/* End PBXGroup section */

/* Begin PBXNativeTarget section */
		5A2DA8F32A95F892002039B6 /* SignInUpApp-HW15 */ = {
			isa = PBXNativeTarget;
			buildConfigurationList = 5A2DA9082A95F894002039B6 /* Build configuration list for PBXNativeTarget "SignInUpApp-HW15" */;
			buildPhases = (
				5A2DA8F02A95F892002039B6 /* Sources */,
				5A2DA8F12A95F892002039B6 /* Frameworks */,
				5A2DA8F22A95F892002039B6 /* Resources */,
			);
			buildRules = (
			);
			dependencies = (
			);
			name = "SignInUpApp-HW15";
			productName = "SignInUpApp-HW15";
			productReference = 5A2DA8F42A95F892002039B6 /* SignInUpApp-HW15.app */;
			productType = "com.apple.product-type.application";
		};
/* End PBXNativeTarget section */

/* Begin PBXProject section */
		5A2DA8EC2A95F892002039B6 /* Project object */ = {
			isa = PBXProject;
			attributes = {
				BuildIndependentTargetsInParallel = 1;
				LastSwiftUpdateCheck = 1430;
				LastUpgradeCheck = 1430;
				TargetAttributes = {
					5A2DA8F32A95F892002039B6 = {
						CreatedOnToolsVersion = 14.3.1;
					};
				};
			};
			buildConfigurationList = 5A2DA8EF2A95F892002039B6 /* Build configuration list for PBXProject "SignInUpApp-HW15" */;
			compatibilityVersion = "Xcode 14.0";
			developmentRegion = en;
			hasScannedForEncodings = 0;
			knownRegions = (
				en,
				Base,
			);
			mainGroup = 5A2DA8EB2A95F892002039B6;
			productRefGroup = 5A2DA8F52A95F892002039B6 /* Products */;
			projectDirPath = "";
			projectRoot = "";
			targets = (
				5A2DA8F32A95F892002039B6 /* SignInUpApp-HW15 */,
			);
		};
/* End PBXProject section */

/* Begin PBXResourcesBuildPhase section */
		5A2DA8F22A95F892002039B6 /* Resources */ = {
			isa = PBXResourcesBuildPhase;
			buildActionMask = 2147483647;
			files = (
				5A2DA9112A95F93B002039B6 /* SignUpStoryboard.storyboard in Resources */,
				5A2DA9042A95F894002039B6 /* LaunchScreen.storyboard in Resources */,
				5A2DA9012A95F894002039B6 /* Assets.xcassets in Resources */,
				5A2DA8FF2A95F892002039B6 /* MainStoryboard.storyboard in Resources */,
				5A2DA90F2A95F925002039B6 /* SignInStoryboard.storyboard in Resources */,
			);
			runOnlyForDeploymentPostprocessing = 0;
		};
/* End PBXResourcesBuildPhase section */

/* Begin PBXSourcesBuildPhase section */
		5A2DA8F02A95F892002039B6 /* Sources */ = {
			isa = PBXSourcesBuildPhase;
			buildActionMask = 2147483647;
			files = (
				5AB92E2F2A9B630B00CA4773 /* VerificationService.swift in Sources */,
				5AA2C92D2A9E560F007950D7 /* UserDefaultsService.swift in Sources */,
				5ADDF6BF2A9FC6AF00DEA2B4 /* ProfileVC.swift in Sources */,
				5A609CAC2A9FE04900558721 /* InfoVC.swift in Sources */,
				5A2DA8F82A95F892002039B6 /* AppDelegate.swift in Sources */,
				5A8E457A2A9D0FB400B52FA8 /* UserModel.swift in Sources */,
				5A2DA8FA2A95F892002039B6 /* SceneDelegate.swift in Sources */,
				5A2DA9132A961072002039B6 /* SignInVC.swift in Sources */,
				5A609CAE2A9FF7AE00558721 /* ChangeVC.swift in Sources */,
				5A8E457F2A9D34D700B52FA8 /* HelloVC.swift in Sources */,
				5A2DA9172A961103002039B6 /* SignUpVC.swift in Sources */,
				5A8E457D2A9D17D200B52FA8 /* VerificationsVC.swift in Sources */,
				5AB92E2C2A96DA7400CA4773 /* UIVIewControllerExt.swift in Sources */,
				5A90A90F2A9FA14F00673881 /* TabBarController.swift in Sources */,
				5AA2C92F2A9E5690007950D7 /* UserDefaultsExtension.swift in Sources */,
				5A2DA9152A9610CC002039B6 /* WelcomeVC.swift in Sources */,
			);
			runOnlyForDeploymentPostprocessing = 0;
		};
/* End PBXSourcesBuildPhase section */

/* Begin PBXVariantGroup section */
		5A2DA8FD2A95F892002039B6 /* MainStoryboard.storyboard */ = {
			isa = PBXVariantGroup;
			children = (
				5A2DA8FE2A95F892002039B6 /* Base */,
			);
			name = MainStoryboard.storyboard;
			sourceTree = "<group>";
		};
		5A2DA9022A95F894002039B6 /* LaunchScreen.storyboard */ = {
			isa = PBXVariantGroup;
			children = (
				5A2DA9032A95F894002039B6 /* Base */,
			);
			name = LaunchScreen.storyboard;
			sourceTree = "<group>";
		};
/* End PBXVariantGroup section */

/* Begin XCBuildConfiguration section */
		5A2DA9062A95F894002039B6 /* Debug */ = {
			isa = XCBuildConfiguration;
			buildSettings = {
				ALWAYS_SEARCH_USER_PATHS = NO;
				CLANG_ANALYZER_NONNULL = YES;
				CLANG_ANALYZER_NUMBER_OBJECT_CONVERSION = YES_AGGRESSIVE;
				CLANG_CXX_LANGUAGE_STANDARD = "gnu++20";
				CLANG_ENABLE_MODULES = YES;
				CLANG_ENABLE_OBJC_ARC = YES;
				CLANG_ENABLE_OBJC_WEAK = YES;
				CLANG_WARN_BLOCK_CAPTURE_AUTORELEASING = YES;
				CLANG_WARN_BOOL_CONVERSION = YES;
				CLANG_WARN_COMMA = YES;
				CLANG_WARN_CONSTANT_CONVERSION = YES;
				CLANG_WARN_DEPRECATED_OBJC_IMPLEMENTATIONS = YES;
				CLANG_WARN_DIRECT_OBJC_ISA_USAGE = YES_ERROR;
				CLANG_WARN_DOCUMENTATION_COMMENTS = YES;
				CLANG_WARN_EMPTY_BODY = YES;
				CLANG_WARN_ENUM_CONVERSION = YES;
				CLANG_WARN_INFINITE_RECURSION = YES;
				CLANG_WARN_INT_CONVERSION = YES;
				CLANG_WARN_NON_LITERAL_NULL_CONVERSION = YES;
				CLANG_WARN_OBJC_IMPLICIT_RETAIN_SELF = YES;
				CLANG_WARN_OBJC_LITERAL_CONVERSION = YES;
				CLANG_WARN_OBJC_ROOT_CLASS = YES_ERROR;
				CLANG_WARN_QUOTED_INCLUDE_IN_FRAMEWORK_HEADER = YES;
				CLANG_WARN_RANGE_LOOP_ANALYSIS = YES;
				CLANG_WARN_STRICT_PROTOTYPES = YES;
				CLANG_WARN_SUSPICIOUS_MOVE = YES;
				CLANG_WARN_UNGUARDED_AVAILABILITY = YES_AGGRESSIVE;
				CLANG_WARN_UNREACHABLE_CODE = YES;
				CLANG_WARN__DUPLICATE_METHOD_MATCH = YES;
				COPY_PHASE_STRIP = NO;
				DEBUG_INFORMATION_FORMAT = dwarf;
				ENABLE_STRICT_OBJC_MSGSEND = YES;
				ENABLE_TESTABILITY = YES;
				GCC_C_LANGUAGE_STANDARD = gnu11;
				GCC_DYNAMIC_NO_PIC = NO;
				GCC_NO_COMMON_BLOCKS = YES;
				GCC_OPTIMIZATION_LEVEL = 0;
				GCC_PREPROCESSOR_DEFINITIONS = (
					"DEBUG=1",
					"$(inherited)",
				);
				GCC_WARN_64_TO_32_BIT_CONVERSION = YES;
				GCC_WARN_ABOUT_RETURN_TYPE = YES_ERROR;
				GCC_WARN_UNDECLARED_SELECTOR = YES;
				GCC_WARN_UNINITIALIZED_AUTOS = YES_AGGRESSIVE;
				GCC_WARN_UNUSED_FUNCTION = YES;
				GCC_WARN_UNUSED_VARIABLE = YES;
				IPHONEOS_DEPLOYMENT_TARGET = 16.4;
				MTL_ENABLE_DEBUG_INFO = INCLUDE_SOURCE;
				MTL_FAST_MATH = YES;
				ONLY_ACTIVE_ARCH = YES;
				SDKROOT = iphoneos;
				SWIFT_ACTIVE_COMPILATION_CONDITIONS = DEBUG;
				SWIFT_OPTIMIZATION_LEVEL = "-Onone";
			};
			name = Debug;
		};
		5A2DA9072A95F894002039B6 /* Release */ = {
			isa = XCBuildConfiguration;
			buildSettings = {
				ALWAYS_SEARCH_USER_PATHS = NO;
				CLANG_ANALYZER_NONNULL = YES;
				CLANG_ANALYZER_NUMBER_OBJECT_CONVERSION = YES_AGGRESSIVE;
				CLANG_CXX_LANGUAGE_STANDARD = "gnu++20";
				CLANG_ENABLE_MODULES = YES;
				CLANG_ENABLE_OBJC_ARC = YES;
				CLANG_ENABLE_OBJC_WEAK = YES;
				CLANG_WARN_BLOCK_CAPTURE_AUTORELEASING = YES;
				CLANG_WARN_BOOL_CONVERSION = YES;
				CLANG_WARN_COMMA = YES;
				CLANG_WARN_CONSTANT_CONVERSION = YES;
				CLANG_WARN_DEPRECATED_OBJC_IMPLEMENTATIONS = YES;
				CLANG_WARN_DIRECT_OBJC_ISA_USAGE = YES_ERROR;
				CLANG_WARN_DOCUMENTATION_COMMENTS = YES;
				CLANG_WARN_EMPTY_BODY = YES;
				CLANG_WARN_ENUM_CONVERSION = YES;
				CLANG_WARN_INFINITE_RECURSION = YES;
				CLANG_WARN_INT_CONVERSION = YES;
				CLANG_WARN_NON_LITERAL_NULL_CONVERSION = YES;
				CLANG_WARN_OBJC_IMPLICIT_RETAIN_SELF = YES;
				CLANG_WARN_OBJC_LITERAL_CONVERSION = YES;
				CLANG_WARN_OBJC_ROOT_CLASS = YES_ERROR;
				CLANG_WARN_QUOTED_INCLUDE_IN_FRAMEWORK_HEADER = YES;
				CLANG_WARN_RANGE_LOOP_ANALYSIS = YES;
				CLANG_WARN_STRICT_PROTOTYPES = YES;
				CLANG_WARN_SUSPICIOUS_MOVE = YES;
				CLANG_WARN_UNGUARDED_AVAILABILITY = YES_AGGRESSIVE;
				CLANG_WARN_UNREACHABLE_CODE = YES;
				CLANG_WARN__DUPLICATE_METHOD_MATCH = YES;
				COPY_PHASE_STRIP = NO;
				DEBUG_INFORMATION_FORMAT = "dwarf-with-dsym";
				ENABLE_NS_ASSERTIONS = NO;
				ENABLE_STRICT_OBJC_MSGSEND = YES;
				GCC_C_LANGUAGE_STANDARD = gnu11;
				GCC_NO_COMMON_BLOCKS = YES;
				GCC_WARN_64_TO_32_BIT_CONVERSION = YES;
				GCC_WARN_ABOUT_RETURN_TYPE = YES_ERROR;
				GCC_WARN_UNDECLARED_SELECTOR = YES;
				GCC_WARN_UNINITIALIZED_AUTOS = YES_AGGRESSIVE;
				GCC_WARN_UNUSED_FUNCTION = YES;
				GCC_WARN_UNUSED_VARIABLE = YES;
				IPHONEOS_DEPLOYMENT_TARGET = 16.4;
				MTL_ENABLE_DEBUG_INFO = NO;
				MTL_FAST_MATH = YES;
				SDKROOT = iphoneos;
				SWIFT_COMPILATION_MODE = wholemodule;
				SWIFT_OPTIMIZATION_LEVEL = "-O";
				VALIDATE_PRODUCT = YES;
			};
			name = Release;
		};
		5A2DA9092A95F894002039B6 /* Debug */ = {
			isa = XCBuildConfiguration;
			buildSettings = {
				ASSETCATALOG_COMPILER_APPICON_NAME = AppIcon;
				ASSETCATALOG_COMPILER_GLOBAL_ACCENT_COLOR_NAME = AccentColor;
				ASSETCATALOG_COMPILER_INCLUDE_ALL_APPICON_ASSETS = YES;
				CODE_SIGN_STYLE = Automatic;
				CURRENT_PROJECT_VERSION = 1;
				DEVELOPMENT_TEAM = W2HCKKQTYD;
				GENERATE_INFOPLIST_FILE = YES;
				INFOPLIST_FILE = "SignInUpApp-HW15/Info.plist";
				INFOPLIST_KEY_CFBundleDisplayName = "Registration app";
				INFOPLIST_KEY_UIApplicationSupportsIndirectInputEvents = YES;
				INFOPLIST_KEY_UILaunchStoryboardName = LaunchScreen;
				INFOPLIST_KEY_UIMainStoryboardFile = SignInStoryboard;
				INFOPLIST_KEY_UIRequiresFullScreen = NO;
				INFOPLIST_KEY_UIStatusBarStyle = "";
				INFOPLIST_KEY_UISupportedInterfaceOrientations = "UIInterfaceOrientationLandscapeLeft UIInterfaceOrientationPortrait";
				IPHONEOS_DEPLOYMENT_TARGET = 16.4;
				LD_RUNPATH_SEARCH_PATHS = (
					"$(inherited)",
					"@executable_path/Frameworks",
				);
				MARKETING_VERSION = 1.0;
				PRODUCT_BUNDLE_IDENTIFIER = "by.tms.ios-cours-homework.SignInUpApp-HW15";
				PRODUCT_NAME = "$(TARGET_NAME)";
				SWIFT_EMIT_LOC_STRINGS = YES;
				SWIFT_VERSION = 5.0;
				TARGETED_DEVICE_FAMILY = "1,2";
			};
			name = Debug;
		};
		5A2DA90A2A95F894002039B6 /* Release */ = {
			isa = XCBuildConfiguration;
			buildSettings = {
				ASSETCATALOG_COMPILER_APPICON_NAME = AppIcon;
				ASSETCATALOG_COMPILER_GLOBAL_ACCENT_COLOR_NAME = AccentColor;
				ASSETCATALOG_COMPILER_INCLUDE_ALL_APPICON_ASSETS = YES;
				CODE_SIGN_STYLE = Automatic;
				CURRENT_PROJECT_VERSION = 1;
				DEVELOPMENT_TEAM = W2HCKKQTYD;
				GENERATE_INFOPLIST_FILE = YES;
				INFOPLIST_FILE = "SignInUpApp-HW15/Info.plist";
				INFOPLIST_KEY_CFBundleDisplayName = "Registration app";
				INFOPLIST_KEY_UIApplicationSupportsIndirectInputEvents = YES;
				INFOPLIST_KEY_UILaunchStoryboardName = LaunchScreen;
				INFOPLIST_KEY_UIMainStoryboardFile = SignInStoryboard;
				INFOPLIST_KEY_UIRequiresFullScreen = NO;
				INFOPLIST_KEY_UIStatusBarStyle = "";
				INFOPLIST_KEY_UISupportedInterfaceOrientations = "UIInterfaceOrientationLandscapeLeft UIInterfaceOrientationPortrait";
				IPHONEOS_DEPLOYMENT_TARGET = 16.4;
				LD_RUNPATH_SEARCH_PATHS = (
					"$(inherited)",
					"@executable_path/Frameworks",
				);
				MARKETING_VERSION = 1.0;
				PRODUCT_BUNDLE_IDENTIFIER = "by.tms.ios-cours-homework.SignInUpApp-HW15";
				PRODUCT_NAME = "$(TARGET_NAME)";
				SWIFT_EMIT_LOC_STRINGS = YES;
				SWIFT_VERSION = 5.0;
				TARGETED_DEVICE_FAMILY = "1,2";
			};
			name = Release;
		};
/* End XCBuildConfiguration section */

/* Begin XCConfigurationList section */
		5A2DA8EF2A95F892002039B6 /* Build configuration list for PBXProject "SignInUpApp-HW15" */ = {
			isa = XCConfigurationList;
			buildConfigurations = (
				5A2DA9062A95F894002039B6 /* Debug */,
				5A2DA9072A95F894002039B6 /* Release */,
			);
			defaultConfigurationIsVisible = 0;
			defaultConfigurationName = Release;
		};
		5A2DA9082A95F894002039B6 /* Build configuration list for PBXNativeTarget "SignInUpApp-HW15" */ = {
			isa = XCConfigurationList;
			buildConfigurations = (
				5A2DA9092A95F894002039B6 /* Debug */,
				5A2DA90A2A95F894002039B6 /* Release */,
			);
			defaultConfigurationIsVisible = 0;
			defaultConfigurationName = Release;
		};
/* End XCConfigurationList section */
	};
	rootObject = 5A2DA8EC2A95F892002039B6 /* Project object */;
}
